// !$*UTF8*$!
{
	archiveVersion = 1;
	classes = {
	};
	objectVersion = 77;
	objects = {

/* Begin PBXContainerItemProxy section */
		2498E3AE2D0B73CD00653FEE /* PBXContainerItemProxy */ = {
			isa = PBXContainerItemProxy;
			containerPortal = 2498E38F2D0B73CA00653FEE /* Project object */;
			proxyType = 1;
			remoteGlobalIDString = 2498E3962D0B73CA00653FEE;
			remoteInfo = MobileProject;
		};
		2498E3B82D0B73CD00653FEE /* PBXContainerItemProxy */ = {
			isa = PBXContainerItemProxy;
			containerPortal = 2498E38F2D0B73CA00653FEE /* Project object */;
			proxyType = 1;
			remoteGlobalIDString = 2498E3962D0B73CA00653FEE;
			remoteInfo = MobileProject;
		};
/* End PBXContainerItemProxy section */

/* Begin PBXFileReference section */
		2498E3972D0B73CA00653FEE /* MobileProject.app */ = {isa = PBXFileReference; explicitFileType = wrapper.application; includeInIndex = 0; path = MobileProject.app; sourceTree = BUILT_PRODUCTS_DIR; };
		2498E3AD2D0B73CD00653FEE /* MobileProjectTests.xctest */ = {isa = PBXFileReference; explicitFileType = wrapper.cfbundle; includeInIndex = 0; path = MobileProjectTests.xctest; sourceTree = BUILT_PRODUCTS_DIR; };
		2498E3B72D0B73CD00653FEE /* MobileProjectUITests.xctest */ = {isa = PBXFileReference; explicitFileType = wrapper.cfbundle; includeInIndex = 0; path = MobileProjectUITests.xctest; sourceTree = BUILT_PRODUCTS_DIR; };
/* End PBXFileReference section */

/* Begin PBXFileSystemSynchronizedBuildFileExceptionSet section */
		2498E3BF2D0B73CD00653FEE /* Exceptions for "MobileProject" folder in "MobileProject" target */ = {
			isa = PBXFileSystemSynchronizedBuildFileExceptionSet;
			membershipExceptions = (
				Info.plist,
			);
			target = 2498E3962D0B73CA00653FEE /* MobileProject */;
		};
/* End PBXFileSystemSynchronizedBuildFileExceptionSet section */

/* Begin PBXFileSystemSynchronizedRootGroup section */
		2498E3992D0B73CA00653FEE /* MobileProject */ = {
			isa = PBXFileSystemSynchronizedRootGroup;
			exceptions = (
				2498E3BF2D0B73CD00653FEE /* Exceptions for "MobileProject" folder in "MobileProject" target */,
			);
			path = MobileProject;
			sourceTree = "<group>";
		};
		2498E3B02D0B73CD00653FEE /* MobileProjectTests */ = {
			isa = PBXFileSystemSynchronizedRootGroup;
			path = MobileProjectTests;
			sourceTree = "<group>";
		};
		2498E3BA2D0B73CD00653FEE /* MobileProjectUITests */ = {
			isa = PBXFileSystemSynchronizedRootGroup;
			path = MobileProjectUITests;
			sourceTree = "<group>";
		};
/* End PBXFileSystemSynchronizedRootGroup section */

/* Begin PBXFrameworksBuildPhase section */
		2498E3942D0B73CA00653FEE /* Frameworks */ = {
			isa = PBXFrameworksBuildPhase;
			buildActionMask = 2147483647;
			files = (
			);
			runOnlyForDeploymentPostprocessing = 0;
		};
		2498E3AA2D0B73CD00653FEE /* Frameworks */ = {
			isa = PBXFrameworksBuildPhase;
			buildActionMask = 2147483647;
			files = (
			);
			runOnlyForDeploymentPostprocessing = 0;
		};
		2498E3B42D0B73CD00653FEE /* Frameworks */ = {
			isa = PBXFrameworksBuildPhase;
			buildActionMask = 2147483647;
			files = (
			);
			runOnlyForDeploymentPostprocessing = 0;
		};
/* End PBXFrameworksBuildPhase section */

/* Begin PBXGroup section */
		2498E38E2D0B73CA00653FEE = {
			isa = PBXGroup;
			children = (
				2498E3992D0B73CA00653FEE /* MobileProject */,
				2498E3B02D0B73CD00653FEE /* MobileProjectTests */,
				2498E3BA2D0B73CD00653FEE /* MobileProjectUITests */,
				2498E3982D0B73CA00653FEE /* Products */,
			);
			sourceTree = "<group>";
		};
		2498E3982D0B73CA00653FEE /* Products */ = {
			isa = PBXGroup;
			children = (
				2498E3972D0B73CA00653FEE /* MobileProject.app */,
				2498E3AD2D0B73CD00653FEE /* MobileProjectTests.xctest */,
				2498E3B72D0B73CD00653FEE /* MobileProjectUITests.xctest */,
			);
			name = Products;
			sourceTree = "<group>";
		};
/* End PBXGroup section */

/* Begin PBXNativeTarget section */
		2498E3962D0B73CA00653FEE /* MobileProject */ = {
			isa = PBXNativeTarget;
			buildConfigurationList = 2498E3C02D0B73CD00653FEE /* Build configuration list for PBXNativeTarget "MobileProject" */;
			buildPhases = (
				2498E3932D0B73CA00653FEE /* Sources */,
				2498E3942D0B73CA00653FEE /* Frameworks */,
				2498E3952D0B73CA00653FEE /* Resources */,
			);
			buildRules = (
			);
			dependencies = (
			);
			fileSystemSynchronizedGroups = (
				2498E3992D0B73CA00653FEE /* MobileProject */,
			);
			name = MobileProject;
			packageProductDependencies = (
			);
			productName = MobileProject;
			productReference = 2498E3972D0B73CA00653FEE /* MobileProject.app */;
			productType = "com.apple.product-type.application";
		};
		2498E3AC2D0B73CD00653FEE /* MobileProjectTests */ = {
			isa = PBXNativeTarget;
			buildConfigurationList = 2498E3C52D0B73CD00653FEE /* Build configuration list for PBXNativeTarget "MobileProjectTests" */;
			buildPhases = (
				2498E3A92D0B73CD00653FEE /* Sources */,
				2498E3AA2D0B73CD00653FEE /* Frameworks */,
				2498E3AB2D0B73CD00653FEE /* Resources */,
			);
			buildRules = (
			);
			dependencies = (
				2498E3AF2D0B73CD00653FEE /* PBXTargetDependency */,
			);
			fileSystemSynchronizedGroups = (
				2498E3B02D0B73CD00653FEE /* MobileProjectTests */,
			);
			name = MobileProjectTests;
			packageProductDependencies = (
			);
			productName = MobileProjectTests;
			productReference = 2498E3AD2D0B73CD00653FEE /* MobileProjectTests.xctest */;
			productType = "com.apple.product-type.bundle.unit-test";
		};
		2498E3B62D0B73CD00653FEE /* MobileProjectUITests */ = {
			isa = PBXNativeTarget;
			buildConfigurationList = 2498E3C82D0B73CD00653FEE /* Build configuration list for PBXNativeTarget "MobileProjectUITests" */;
			buildPhases = (
				2498E3B32D0B73CD00653FEE /* Sources */,
				2498E3B42D0B73CD00653FEE /* Frameworks */,
				2498E3B52D0B73CD00653FEE /* Resources */,
			);
			buildRules = (
			);
			dependencies = (
				2498E3B92D0B73CD00653FEE /* PBXTargetDependency */,
			);
			fileSystemSynchronizedGroups = (
				2498E3BA2D0B73CD00653FEE /* MobileProjectUITests */,
			);
			name = MobileProjectUITests;
			packageProductDependencies = (
			);
			productName = MobileProjectUITests;
			productReference = 2498E3B72D0B73CD00653FEE /* MobileProjectUITests.xctest */;
			productType = "com.apple.product-type.bundle.ui-testing";
		};
/* End PBXNativeTarget section */

/* Begin PBXProject section */
		2498E38F2D0B73CA00653FEE /* Project object */ = {
			isa = PBXProject;
			attributes = {
				BuildIndependentTargetsInParallel = 1;
				LastSwiftUpdateCheck = 1600;
				LastUpgradeCheck = 1600;
				TargetAttributes = {
					2498E3962D0B73CA00653FEE = {
						CreatedOnToolsVersion = 16.0;
					};
					2498E3AC2D0B73CD00653FEE = {
						CreatedOnToolsVersion = 16.0;
						TestTargetID = 2498E3962D0B73CA00653FEE;
					};
					2498E3B62D0B73CD00653FEE = {
						CreatedOnToolsVersion = 16.0;
						TestTargetID = 2498E3962D0B73CA00653FEE;
					};
				};
			};
			buildConfigurationList = 2498E3922D0B73CA00653FEE /* Build configuration list for PBXProject "MobileProject" */;
			developmentRegion = en;
			hasScannedForEncodings = 0;
			knownRegions = (
				en,
				Base,
			);
			mainGroup = 2498E38E2D0B73CA00653FEE;
			minimizedProjectReferenceProxies = 1;
			preferredProjectObjectVersion = 77;
			productRefGroup = 2498E3982D0B73CA00653FEE /* Products */;
			projectDirPath = "";
			projectRoot = "";
			targets = (
				2498E3962D0B73CA00653FEE /* MobileProject */,
				2498E3AC2D0B73CD00653FEE /* MobileProjectTests */,
				2498E3B62D0B73CD00653FEE /* MobileProjectUITests */,
			);
		};
/* End PBXProject section */

/* Begin PBXResourcesBuildPhase section */
		2498E3952D0B73CA00653FEE /* Resources */ = {
			isa = PBXResourcesBuildPhase;
			buildActionMask = 2147483647;
			files = (
			);
			runOnlyForDeploymentPostprocessing = 0;
		};
		2498E3AB2D0B73CD00653FEE /* Resources */ = {
			isa = PBXResourcesBuildPhase;
			buildActionMask = 2147483647;
			files = (
			);
			runOnlyForDeploymentPostprocessing = 0;
		};
		2498E3B52D0B73CD00653FEE /* Resources */ = {
			isa = PBXResourcesBuildPhase;
			buildActionMask = 2147483647;
			files = (
			);
			runOnlyForDeploymentPostprocessing = 0;
		};
/* End PBXResourcesBuildPhase section */

/* Begin PBXSourcesBuildPhase section */
		2498E3932D0B73CA00653FEE /* Sources */ = {
			isa = PBXSourcesBuildPhase;
			buildActionMask = 2147483647;
			files = (
			);
			runOnlyForDeploymentPostprocessing = 0;
		};
		2498E3A92D0B73CD00653FEE /* Sources */ = {
			isa = PBXSourcesBuildPhase;
			buildActionMask = 2147483647;
			files = (
			);
			runOnlyForDeploymentPostprocessing = 0;
		};
		2498E3B32D0B73CD00653FEE /* Sources */ = {
			isa = PBXSourcesBuildPhase;
			buildActionMask = 2147483647;
			files = (
			);
			runOnlyForDeploymentPostprocessing = 0;
		};
/* End PBXSourcesBuildPhase section */

/* Begin PBXTargetDependency section */
		2498E3AF2D0B73CD00653FEE /* PBXTargetDependency */ = {
			isa = PBXTargetDependency;
			target = 2498E3962D0B73CA00653FEE /* MobileProject */;
			targetProxy = 2498E3AE2D0B73CD00653FEE /* PBXContainerItemProxy */;
		};
		2498E3B92D0B73CD00653FEE /* PBXTargetDependency */ = {
			isa = PBXTargetDependency;
			target = 2498E3962D0B73CA00653FEE /* MobileProject */;
			targetProxy = 2498E3B82D0B73CD00653FEE /* PBXContainerItemProxy */;
		};
/* End PBXTargetDependency section */

/* Begin XCBuildConfiguration section */
		2498E3C12D0B73CD00653FEE /* Debug */ = {
			isa = XCBuildConfiguration;
			buildSettings = {
				ASSETCATALOG_COMPILER_APPICON_NAME = AppIcon;
				ASSETCATALOG_COMPILER_GLOBAL_ACCENT_COLOR_NAME = AccentColor;
				CODE_SIGN_STYLE = Automatic;
				CURRENT_PROJECT_VERSION = 1;
				GENERATE_INFOPLIST_FILE = YES;
				INFOPLIST_FILE = MobileProject/Info.plist;
				INFOPLIST_KEY_UIApplicationSupportsIndirectInputEvents = YES;
				INFOPLIST_KEY_UILaunchStoryboardName = LaunchScreen;
				INFOPLIST_KEY_UIMainStoryboardFile = Main;
				INFOPLIST_KEY_UISupportedInterfaceOrientations_iPad = "UIInterfaceOrientationPortrait UIInterfaceOrientationPortraitUpsideDown UIInterfaceOrientationLandscapeLeft UIInterfaceOrientationLandscapeRight";
				INFOPLIST_KEY_UISupportedInterfaceOrientations_iPhone = "UIInterfaceOrientationPortrait UIInterfaceOrientationLandscapeLeft UIInterfaceOrientationLandscapeRight";
				LD_RUNPATH_SEARCH_PATHS = (
					"$(inherited)",
					"@executable_path/Frameworks",
				);
				MARKETING_VERSION = 1.0;
				PRODUCT_BUNDLE_IDENTIFIER = com.mitp.MobileProject;
				PRODUCT_NAME = "$(TARGET_NAME)";
				SWIFT_EMIT_LOC_STRINGS = YES;
				SWIFT_VERSION = 5.0;
				TARGETED_DEVICE_FAMILY = "1,2";
			};
			name = Debug;
		};
		2498E3C22D0B73CD00653FEE /* Release */ = {
			isa = XCBuildConfiguration;
			buildSettings = {
				ASSETCATALOG_COMPILER_APPICON_NAME = AppIcon;
				ASSETCATALOG_COMPILER_GLOBAL_ACCENT_COLOR_NAME = AccentColor;
				CODE_SIGN_STYLE = Automatic;
				CURRENT_PROJECT_VERSION = 1;
				GENERATE_INFOPLIST_FILE = YES;
				INFOPLIST_FILE = MobileProject/Info.plist;
				INFOPLIST_KEY_UIApplicationSupportsIndirectInputEvents = YES;
				INFOPLIST_KEY_UILaunchStoryboardName = LaunchScreen;
				INFOPLIST_KEY_UIMainStoryboardFile = Main;
				INFOPLIST_KEY_UISupportedInterfaceOrientations_iPad = "UIInterfaceOrientationPortrait UIInterfaceOrientationPortraitUpsideDown UIInterfaceOrientationLandscapeLeft UIInterfaceOrientationLandscapeRight";
				INFOPLIST_KEY_UISupportedInterfaceOrientations_iPhone = "UIInterfaceOrientationPortrait UIInterfaceOrientationLandscapeLeft UIInterfaceOrientationLandscapeRight";
				LD_RUNPATH_SEARCH_PATHS = (
					"$(inherited)",
					"@executable_path/Frameworks",
				);
				MARKETING_VERSION = 1.0;
				PRODUCT_BUNDLE_IDENTIFIER = com.mitp.MobileProject;
				PRODUCT_NAME = "$(TARGET_NAME)";
				SWIFT_EMIT_LOC_STRINGS = YES;
				SWIFT_VERSION = 5.0;
				TARGETED_DEVICE_FAMILY = "1,2";
			};
			name = Release;
		};
		2498E3C32D0B73CD00653FEE /* Debug */ = {
			isa = XCBuildConfiguration;
			buildSettings = {
				ALWAYS_SEARCH_USER_PATHS = NO;
				ASSETCATALOG_COMPILER_GENERATE_SWIFT_ASSET_SYMBOL_EXTENSIONS = YES;
				CLANG_ANALYZER_NONNULL = YES;
				CLANG_ANALYZER_NUMBER_OBJECT_CONVERSION = YES_AGGRESSIVE;
				CLANG_CXX_LANGUAGE_STANDARD = "gnu++20";
				CLANG_ENABLE_MODULES = YES;
				CLANG_ENABLE_OBJC_ARC = YES;
				CLANG_ENABLE_OBJC_WEAK = YES;
				CLANG_WARN_BLOCK_CAPTURE_AUTORELEASING = YES;
				CLANG_WARN_BOOL_CONVERSION = YES;
				CLANG_WARN_COMMA = YES;
				CLANG_WARN_CONSTANT_CONVERSION = YES;
				CLANG_WARN_DEPRECATED_OBJC_IMPLEMENTATIONS = YES;
				CLANG_WARN_DIRECT_OBJC_ISA_USAGE = YES_ERROR;
				CLANG_WARN_DOCUMENTATION_COMMENTS = YES;
				CLANG_WARN_EMPTY_BODY = YES;
				CLANG_WARN_ENUM_CONVERSION = YES;
				CLANG_WARN_INFINITE_RECURSION = YES;
				CLANG_WARN_INT_CONVERSION = YES;
				CLANG_WARN_NON_LITERAL_NULL_CONVERSION = YES;
				CLANG_WARN_OBJC_IMPLICIT_RETAIN_SELF = YES;
				CLANG_WARN_OBJC_LITERAL_CONVERSION = YES;
				CLANG_WARN_OBJC_ROOT_CLASS = YES_ERROR;
				CLANG_WARN_QUOTED_INCLUDE_IN_FRAMEWORK_HEADER = YES;
				CLANG_WARN_RANGE_LOOP_ANALYSIS = YES;
				CLANG_WARN_STRICT_PROTOTYPES = YES;
				CLANG_WARN_SUSPICIOUS_MOVE = YES;
				CLANG_WARN_UNGUARDED_AVAILABILITY = YES_AGGRESSIVE;
				CLANG_WARN_UNREACHABLE_CODE = YES;
				CLANG_WARN__DUPLICATE_METHOD_MATCH = YES;
				COPY_PHASE_STRIP = NO;
				DEBUG_INFORMATION_FORMAT = dwarf;
				ENABLE_STRICT_OBJC_MSGSEND = YES;
				ENABLE_TESTABILITY = YES;
				ENABLE_USER_SCRIPT_SANDBOXING = YES;
				GCC_C_LANGUAGE_STANDARD = gnu17;
				GCC_DYNAMIC_NO_PIC = NO;
				GCC_NO_COMMON_BLOCKS = YES;
				GCC_OPTIMIZATION_LEVEL = 0;
				GCC_PREPROCESSOR_DEFINITIONS = (
					"DEBUG=1",
					"$(inherited)",
				);
				GCC_WARN_64_TO_32_BIT_CONVERSION = YES;
				GCC_WARN_ABOUT_RETURN_TYPE = YES_ERROR;
				GCC_WARN_UNDECLARED_SELECTOR = YES;
				GCC_WARN_UNINITIALIZED_AUTOS = YES_AGGRESSIVE;
				GCC_WARN_UNUSED_FUNCTION = YES;
				GCC_WARN_UNUSED_VARIABLE = YES;
				IPHONEOS_DEPLOYMENT_TARGET = 18.0;
				LOCALIZATION_PREFERS_STRING_CATALOGS = YES;
				MTL_ENABLE_DEBUG_INFO = INCLUDE_SOURCE;
				MTL_FAST_MATH = YES;
				ONLY_ACTIVE_ARCH = YES;
				SDKROOT = iphoneos;
				SWIFT_ACTIVE_COMPILATION_CONDITIONS = "DEBUG $(inherited)";
				SWIFT_OPTIMIZATION_LEVEL = "-Onone";
			};
			name = Debug;
		};
		2498E3C42D0B73CD00653FEE /* Release */ = {
			isa = XCBuildConfiguration;
			buildSettings = {
				ALWAYS_SEARCH_USER_PATHS = NO;
				ASSETCATALOG_COMPILER_GENERATE_SWIFT_ASSET_SYMBOL_EXTENSIONS = YES;
				CLANG_ANALYZER_NONNULL = YES;
				CLANG_ANALYZER_NUMBER_OBJECT_CONVERSION = YES_AGGRESSIVE;
				CLANG_CXX_LANGUAGE_STANDARD = "gnu++20";
				CLANG_ENABLE_MODULES = YES;
				CLANG_ENABLE_OBJC_ARC = YES;
				CLANG_ENABLE_OBJC_WEAK = YES;
				CLANG_WARN_BLOCK_CAPTURE_AUTORELEASING = YES;
				CLANG_WARN_BOOL_CONVERSION = YES;
				CLANG_WARN_COMMA = YES;
				CLANG_WARN_CONSTANT_CONVERSION = YES;
				CLANG_WARN_DEPRECATED_OBJC_IMPLEMENTATIONS = YES;
				CLANG_WARN_DIRECT_OBJC_ISA_USAGE = YES_ERROR;
				CLANG_WARN_DOCUMENTATION_COMMENTS = YES;
				CLANG_WARN_EMPTY_BODY = YES;
				CLANG_WARN_ENUM_CONVERSION = YES;
				CLANG_WARN_INFINITE_RECURSION = YES;
				CLANG_WARN_INT_CONVERSION = YES;
				CLANG_WARN_NON_LITERAL_NULL_CONVERSION = YES;
				CLANG_WARN_OBJC_IMPLICIT_RETAIN_SELF = YES;
				CLANG_WARN_OBJC_LITERAL_CONVERSION = YES;
				CLANG_WARN_OBJC_ROOT_CLASS = YES_ERROR;
				CLANG_WARN_QUOTED_INCLUDE_IN_FRAMEWORK_HEADER = YES;
				CLANG_WARN_RANGE_LOOP_ANALYSIS = YES;
				CLANG_WARN_STRICT_PROTOTYPES = YES;
				CLANG_WARN_SUSPICIOUS_MOVE = YES;
				CLANG_WARN_UNGUARDED_AVAILABILITY = YES_AGGRESSIVE;
				CLANG_WARN_UNREACHABLE_CODE = YES;
				CLANG_WARN__DUPLICATE_METHOD_MATCH = YES;
				COPY_PHASE_STRIP = NO;
				DEBUG_INFORMATION_FORMAT = "dwarf-with-dsym";
				ENABLE_NS_ASSERTIONS = NO;
				ENABLE_STRICT_OBJC_MSGSEND = YES;
				ENABLE_USER_SCRIPT_SANDBOXING = YES;
				GCC_C_LANGUAGE_STANDARD = gnu17;
				GCC_NO_COMMON_BLOCKS = YES;
				GCC_WARN_64_TO_32_BIT_CONVERSION = YES;
				GCC_WARN_ABOUT_RETURN_TYPE = YES_ERROR;
				GCC_WARN_UNDECLARED_SELECTOR = YES;
				GCC_WARN_UNINITIALIZED_AUTOS = YES_AGGRESSIVE;
				GCC_WARN_UNUSED_FUNCTION = YES;
				GCC_WARN_UNUSED_VARIABLE = YES;
				IPHONEOS_DEPLOYMENT_TARGET = 18.0;
				LOCALIZATION_PREFERS_STRING_CATALOGS = YES;
				MTL_ENABLE_DEBUG_INFO = NO;
				MTL_FAST_MATH = YES;
				SDKROOT = iphoneos;
				SWIFT_COMPILATION_MODE = wholemodule;
				VALIDATE_PRODUCT = YES;
			};
			name = Release;
		};
		2498E3C62D0B73CD00653FEE /* Debug */ = {
			isa = XCBuildConfiguration;
			buildSettings = {
				BUNDLE_LOADER = "$(TEST_HOST)";
				CODE_SIGN_STYLE = Automatic;
				CURRENT_PROJECT_VERSION = 1;
				GENERATE_INFOPLIST_FILE = YES;
				IPHONEOS_DEPLOYMENT_TARGET = 18.0;
				MARKETING_VERSION = 1.0;
				PRODUCT_BUNDLE_IDENTIFIER = com.mitp.MobileProjectTests;
				PRODUCT_NAME = "$(TARGET_NAME)";
				SWIFT_EMIT_LOC_STRINGS = NO;
				SWIFT_VERSION = 5.0;
				TARGETED_DEVICE_FAMILY = "1,2";
				TEST_HOST = "$(BUILT_PRODUCTS_DIR)/MobileProject.app/$(BUNDLE_EXECUTABLE_FOLDER_PATH)/MobileProject";
			};
			name = Debug;
		};
		2498E3C72D0B73CD00653FEE /* Release */ = {
			isa = XCBuildConfiguration;
			buildSettings = {
				BUNDLE_LOADER = "$(TEST_HOST)";
				CODE_SIGN_STYLE = Automatic;
				CURRENT_PROJECT_VERSION = 1;
				GENERATE_INFOPLIST_FILE = YES;
				IPHONEOS_DEPLOYMENT_TARGET = 18.0;
				MARKETING_VERSION = 1.0;
				PRODUCT_BUNDLE_IDENTIFIER = com.mitp.MobileProjectTests;
				PRODUCT_NAME = "$(TARGET_NAME)";
				SWIFT_EMIT_LOC_STRINGS = NO;
				SWIFT_VERSION = 5.0;
				TARGETED_DEVICE_FAMILY = "1,2";
				TEST_HOST = "$(BUILT_PRODUCTS_DIR)/MobileProject.app/$(BUNDLE_EXECUTABLE_FOLDER_PATH)/MobileProject";
			};
			name = Release;
		};
		2498E3C92D0B73CD00653FEE /* Debug */ = {
			isa = XCBuildConfiguration;
			buildSettings = {
				CODE_SIGN_STYLE = Automatic;
				CURRENT_PROJECT_VERSION = 1;
				GENERATE_INFOPLIST_FILE = YES;
				MARKETING_VERSION = 1.0;
				PRODUCT_BUNDLE_IDENTIFIER = com.mitp.MobileProjectUITests;
				PRODUCT_NAME = "$(TARGET_NAME)";
				SWIFT_EMIT_LOC_STRINGS = NO;
				SWIFT_VERSION = 5.0;
				TARGETED_DEVICE_FAMILY = "1,2";
				TEST_TARGET_NAME = MobileProject;
			};
			name = Debug;
		};
		2498E3CA2D0B73CD00653FEE /* Release */ = {
			isa = XCBuildConfiguration;
			buildSettings = {
				CODE_SIGN_STYLE = Automatic;
				CURRENT_PROJECT_VERSION = 1;
				GENERATE_INFOPLIST_FILE = YES;
				MARKETING_VERSION = 1.0;
				PRODUCT_BUNDLE_IDENTIFIER = com.mitp.MobileProjectUITests;
				PRODUCT_NAME = "$(TARGET_NAME)";
				SWIFT_EMIT_LOC_STRINGS = NO;
				SWIFT_VERSION = 5.0;
				TARGETED_DEVICE_FAMILY = "1,2";
				TEST_TARGET_NAME = MobileProject;
			};
			name = Release;
		};
/* End XCBuildConfiguration section */

/* Begin XCConfigurationList section */
		2498E3922D0B73CA00653FEE /* Build configuration list for PBXProject "MobileProject" */ = {
			isa = XCConfigurationList;
			buildConfigurations = (
				2498E3C32D0B73CD00653FEE /* Debug */,
				2498E3C42D0B73CD00653FEE /* Release */,
			);
			defaultConfigurationIsVisible = 0;
			defaultConfigurationName = Release;
		};
		2498E3C02D0B73CD00653FEE /* Build configuration list for PBXNativeTarget "MobileProject" */ = {
			isa = XCConfigurationList;
			buildConfigurations = (
				2498E3C12D0B73CD00653FEE /* Debug */,
				2498E3C22D0B73CD00653FEE /* Release */,
			);
			defaultConfigurationIsVisible = 0;
			defaultConfigurationName = Release;
		};
		2498E3C52D0B73CD00653FEE /* Build configuration list for PBXNativeTarget "MobileProjectTests" */ = {
			isa = XCConfigurationList;
			buildConfigurations = (
				2498E3C62D0B73CD00653FEE /* Debug */,
				2498E3C72D0B73CD00653FEE /* Release */,
			);
			defaultConfigurationIsVisible = 0;
			defaultConfigurationName = Release;
		};
		2498E3C82D0B73CD00653FEE /* Build configuration list for PBXNativeTarget "MobileProjectUITests" */ = {
			isa = XCConfigurationList;
			buildConfigurations = (
				2498E3C92D0B73CD00653FEE /* Debug */,
				2498E3CA2D0B73CD00653FEE /* Release */,
			);
			defaultConfigurationIsVisible = 0;
			defaultConfigurationName = Release;
		};
/* End XCConfigurationList section */
	};
	rootObject = 2498E38F2D0B73CA00653FEE /* Project object */;
}
